dependencies:
- name: base
  repository: https://istio-release.storage.googleapis.com/charts
  version: 1.18.1
- name: istiod
  repository: https://istio-release.storage.googleapis.com/charts
  version: 1.18.1
- name: kiali-server
  repository: https://kiali.org/helm-charts
  version: 1.71.0
digest: sha256:3d428bf65b225e618aaba1d8f4f789fb8c4915de3ee4f8a1b1aa231a4a4a22cc
generated: "2023-07-17T15:05:59.826942376Z"
